// !$*UTF8*$!
{
	archiveVersion = 1;
	classes = {
	};
	objectVersion = 55;
	objects = {

/* Begin PBXBuildFile section */
		3E0F89FF28531D1900724EE2 /* NetworkManager.swift in Sources */ = {isa = PBXBuildFile; fileRef = 3E0F89FE28531D1900724EE2 /* NetworkManager.swift */; };
		3E0F8A05285342CB00724EE2 /* GoodInfoTableViewController.swift in Sources */ = {isa = PBXBuildFile; fileRef = 3E0F8A04285342CB00724EE2 /* GoodInfoTableViewController.swift */; };
		3E319BD12850913B00563364 /* AppDelegate.swift in Sources */ = {isa = PBXBuildFile; fileRef = 3E319BD02850913B00563364 /* AppDelegate.swift */; };
		3E319BD32850913B00563364 /* SceneDelegate.swift in Sources */ = {isa = PBXBuildFile; fileRef = 3E319BD22850913B00563364 /* SceneDelegate.swift */; };
		3E319BD52850913B00563364 /* MainViewController.swift in Sources */ = {isa = PBXBuildFile; fileRef = 3E319BD42850913B00563364 /* MainViewController.swift */; };
		3E319BD82850913B00563364 /* Main.storyboard in Resources */ = {isa = PBXBuildFile; fileRef = 3E319BD62850913B00563364 /* Main.storyboard */; };
		3E319BDA2850913F00563364 /* Assets.xcassets in Resources */ = {isa = PBXBuildFile; fileRef = 3E319BD92850913F00563364 /* Assets.xcassets */; };
		3E319BDD2850913F00563364 /* LaunchScreen.storyboard in Resources */ = {isa = PBXBuildFile; fileRef = 3E319BDB2850913F00563364 /* LaunchScreen.storyboard */; };
		3E319BEB2850C93D00563364 /* Good.swift in Sources */ = {isa = PBXBuildFile; fileRef = 3E319BEA2850C93D00563364 /* Good.swift */; };
		3EFBFF0C2851DAA900BAB1A2 /* GoodsInfoViewController.swift in Sources */ = {isa = PBXBuildFile; fileRef = 3EFBFF0B2851DAA900BAB1A2 /* GoodsInfoViewController.swift */; };
/* End PBXBuildFile section */

/* Begin PBXFileReference section */
		3E0F89FE28531D1900724EE2 /* NetworkManager.swift */ = {isa = PBXFileReference; lastKnownFileType = sourcecode.swift; path = NetworkManager.swift; sourceTree = "<group>"; };
		3E0F8A04285342CB00724EE2 /* GoodInfoTableViewController.swift */ = {isa = PBXFileReference; lastKnownFileType = sourcecode.swift; path = GoodInfoTableViewController.swift; sourceTree = "<group>"; };
		3E319BCD2850913B00563364 /* ParsingJSON.app */ = {isa = PBXFileReference; explicitFileType = wrapper.application; includeInIndex = 0; path = ParsingJSON.app; sourceTree = BUILT_PRODUCTS_DIR; };
		3E319BD02850913B00563364 /* AppDelegate.swift */ = {isa = PBXFileReference; lastKnownFileType = sourcecode.swift; path = AppDelegate.swift; sourceTree = "<group>"; };
		3E319BD22850913B00563364 /* SceneDelegate.swift */ = {isa = PBXFileReference; lastKnownFileType = sourcecode.swift; path = SceneDelegate.swift; sourceTree = "<group>"; };
		3E319BD42850913B00563364 /* MainViewController.swift */ = {isa = PBXFileReference; lastKnownFileType = sourcecode.swift; path = MainViewController.swift; sourceTree = "<group>"; };
		3E319BD72850913B00563364 /* Base */ = {isa = PBXFileReference; lastKnownFileType = file.storyboard; name = Base; path = Base.lproj/Main.storyboard; sourceTree = "<group>"; };
		3E319BD92850913F00563364 /* Assets.xcassets */ = {isa = PBXFileReference; lastKnownFileType = folder.assetcatalog; path = Assets.xcassets; sourceTree = "<group>"; };
		3E319BDC2850913F00563364 /* Base */ = {isa = PBXFileReference; lastKnownFileType = file.storyboard; name = Base; path = Base.lproj/LaunchScreen.storyboard; sourceTree = "<group>"; };
		3E319BDE2850913F00563364 /* Info.plist */ = {isa = PBXFileReference; lastKnownFileType = text.plist.xml; path = Info.plist; sourceTree = "<group>"; };
		3E319BEA2850C93D00563364 /* Good.swift */ = {isa = PBXFileReference; lastKnownFileType = sourcecode.swift; path = Good.swift; sourceTree = "<group>"; };
		3EFBFF0B2851DAA900BAB1A2 /* GoodsInfoViewController.swift */ = {isa = PBXFileReference; lastKnownFileType = sourcecode.swift; path = GoodsInfoViewController.swift; sourceTree = "<group>"; };
/* End PBXFileReference section */

/* Begin PBXFrameworksBuildPhase section */
		3E319BCA2850913B00563364 /* Frameworks */ = {
			isa = PBXFrameworksBuildPhase;
			buildActionMask = 2147483647;
			files = (
			);
			runOnlyForDeploymentPostprocessing = 0;
		};
/* End PBXFrameworksBuildPhase section */

/* Begin PBXGroup section */
		3E0F89FD28531CFC00724EE2 /* Managers */ = {
			isa = PBXGroup;
			children = (
				3E0F89FE28531D1900724EE2 /* NetworkManager.swift */,
			);
			path = Managers;
			sourceTree = "<group>";
		};
		3E319BC42850913B00563364 = {
			isa = PBXGroup;
			children = (
				3E319BCF2850913B00563364 /* ParsingJSON */,
				3E319BCE2850913B00563364 /* Products */,
			);
			sourceTree = "<group>";
		};
		3E319BCE2850913B00563364 /* Products */ = {
			isa = PBXGroup;
			children = (
				3E319BCD2850913B00563364 /* ParsingJSON.app */,
			);
			name = Products;
			sourceTree = "<group>";
		};
		3E319BCF2850913B00563364 /* ParsingJSON */ = {
			isa = PBXGroup;
			children = (
				3E0F89FD28531CFC00724EE2 /* Managers */,
				3E319BE92850C91900563364 /* Models */,
				3E319BE62850919300563364 /* ViewControllers */,
				3E319BE42850915000563364 /* Storyboards */,
				3E319BE52850916800563364 /* App */,
				3E319BE72850919A00563364 /* Resources */,
			);
			path = ParsingJSON;
			sourceTree = "<group>";
		};
		3E319BE42850915000563364 /* Storyboards */ = {
			isa = PBXGroup;
			children = (
				3E319BD62850913B00563364 /* Main.storyboard */,
				3E319BDB2850913F00563364 /* LaunchScreen.storyboard */,
			);
			path = Storyboards;
			sourceTree = "<group>";
		};
		3E319BE52850916800563364 /* App */ = {
			isa = PBXGroup;
			children = (
				3E319BD02850913B00563364 /* AppDelegate.swift */,
				3E319BD22850913B00563364 /* SceneDelegate.swift */,
				3E319BDE2850913F00563364 /* Info.plist */,
			);
			path = App;
			sourceTree = "<group>";
		};
		3E319BE62850919300563364 /* ViewControllers */ = {
			isa = PBXGroup;
			children = (
				3E319BD42850913B00563364 /* MainViewController.swift */,
				3EFBFF0B2851DAA900BAB1A2 /* GoodsInfoViewController.swift */,
				3E0F8A04285342CB00724EE2 /* GoodInfoTableViewController.swift */,
			);
			path = ViewControllers;
			sourceTree = "<group>";
		};
		3E319BE72850919A00563364 /* Resources */ = {
			isa = PBXGroup;
			children = (
				3E319BD92850913F00563364 /* Assets.xcassets */,
			);
			path = Resources;
			sourceTree = "<group>";
		};
		3E319BE92850C91900563364 /* Models */ = {
			isa = PBXGroup;
			children = (
				3E319BEA2850C93D00563364 /* Good.swift */,
			);
			path = Models;
			sourceTree = "<group>";
		};
/* End PBXGroup section */

/* Begin PBXNativeTarget section */
		3E319BCC2850913B00563364 /* ParsingJSON */ = {
			isa = PBXNativeTarget;
			buildConfigurationList = 3E319BE12850913F00563364 /* Build configuration list for PBXNativeTarget "ParsingJSON" */;
			buildPhases = (
				3E319BC92850913B00563364 /* Sources */,
				3E319BCA2850913B00563364 /* Frameworks */,
				3E319BCB2850913B00563364 /* Resources */,
			);
			buildRules = (
			);
			dependencies = (
			);
			name = ParsingJSON;
			productName = ParsingJSON;
			productReference = 3E319BCD2850913B00563364 /* ParsingJSON.app */;
			productType = "com.apple.product-type.application";
		};
/* End PBXNativeTarget section */

/* Begin PBXProject section */
		3E319BC52850913B00563364 /* Project object */ = {
			isa = PBXProject;
			attributes = {
				BuildIndependentTargetsInParallel = 1;
				LastSwiftUpdateCheck = 1340;
				LastUpgradeCheck = 1340;
				TargetAttributes = {
					3E319BCC2850913B00563364 = {
						CreatedOnToolsVersion = 13.4.1;
					};
				};
			};
			buildConfigurationList = 3E319BC82850913B00563364 /* Build configuration list for PBXProject "ParsingJSON" */;
			compatibilityVersion = "Xcode 13.0";
			developmentRegion = en;
			hasScannedForEncodings = 0;
			knownRegions = (
				en,
				Base,
			);
			mainGroup = 3E319BC42850913B00563364;
			productRefGroup = 3E319BCE2850913B00563364 /* Products */;
			projectDirPath = "";
			projectRoot = "";
			targets = (
				3E319BCC2850913B00563364 /* ParsingJSON */,
			);
		};
/* End PBXProject section */

/* Begin PBXResourcesBuildPhase section */
		3E319BCB2850913B00563364 /* Resources */ = {
			isa = PBXResourcesBuildPhase;
			buildActionMask = 2147483647;
			files = (
				3E319BDD2850913F00563364 /* LaunchScreen.storyboard in Resources */,
				3E319BDA2850913F00563364 /* Assets.xcassets in Resources */,
				3E319BD82850913B00563364 /* Main.storyboard in Resources */,
			);
			runOnlyForDeploymentPostprocessing = 0;
		};
/* End PBXResourcesBuildPhase section */

/* Begin PBXSourcesBuildPhase section */
		3E319BC92850913B00563364 /* Sources */ = {
			isa = PBXSourcesBuildPhase;
			buildActionMask = 2147483647;
			files = (
				3E0F89FF28531D1900724EE2 /* NetworkManager.swift in Sources */,
				3E319BD52850913B00563364 /* MainViewController.swift in Sources */,
				3E0F8A05285342CB00724EE2 /* GoodInfoTableViewController.swift in Sources */,
				3E319BD12850913B00563364 /* AppDelegate.swift in Sources */,
				3EFBFF0C2851DAA900BAB1A2 /* GoodsInfoViewController.swift in Sources */,
				3E319BD32850913B00563364 /* SceneDelegate.swift in Sources */,
				3E319BEB2850C93D00563364 /* Good.swift in Sources */,
			);
			runOnlyForDeploymentPostprocessing = 0;
		};
/* End PBXSourcesBuildPhase section */

/* Begin PBXVariantGroup section */
		3E319BD62850913B00563364 /* Main.storyboard */ = {
			isa = PBXVariantGroup;
			children = (
				3E319BD72850913B00563364 /* Base */,
			);
			name = Main.storyboard;
			sourceTree = "<group>";
		};
		3E319BDB2850913F00563364 /* LaunchScreen.storyboard */ = {
			isa = PBXVariantGroup;
			children = (
				3E319BDC2850913F00563364 /* Base */,
			);
			name = LaunchScreen.storyboard;
			sourceTree = "<group>";
		};
/* End PBXVariantGroup section */

/* Begin XCBuildConfiguration section */
		3E319BDF2850913F00563364 /* Debug */ = {
			isa = XCBuildConfiguration;
			buildSettings = {
				ALWAYS_SEARCH_USER_PATHS = NO;
				CLANG_ANALYZER_NONNULL = YES;
				CLANG_ANALYZER_NUMBER_OBJECT_CONVERSION = YES_AGGRESSIVE;
				CLANG_CXX_LANGUAGE_STANDARD = "gnu++17";
				CLANG_ENABLE_MODULES = YES;
				CLANG_ENABLE_OBJC_ARC = YES;
				CLANG_ENABLE_OBJC_WEAK = YES;
				CLANG_WARN_BLOCK_CAPTURE_AUTORELEASING = YES;
				CLANG_WARN_BOOL_CONVERSION = YES;
				CLANG_WARN_COMMA = YES;
				CLANG_WARN_CONSTANT_CONVERSION = YES;
				CLANG_WARN_DEPRECATED_OBJC_IMPLEMENTATIONS = YES;
				CLANG_WARN_DIRECT_OBJC_ISA_USAGE = YES_ERROR;
				CLANG_WARN_DOCUMENTATION_COMMENTS = YES;
				CLANG_WARN_EMPTY_BODY = YES;
				CLANG_WARN_ENUM_CONVERSION = YES;
				CLANG_WARN_INFINITE_RECURSION = YES;
				CLANG_WARN_INT_CONVERSION = YES;
				CLANG_WARN_NON_LITERAL_NULL_CONVERSION = YES;
				CLANG_WARN_OBJC_IMPLICIT_RETAIN_SELF = YES;
				CLANG_WARN_OBJC_LITERAL_CONVERSION = YES;
				CLANG_WARN_OBJC_ROOT_CLASS = YES_ERROR;
				CLANG_WARN_QUOTED_INCLUDE_IN_FRAMEWORK_HEADER = YES;
				CLANG_WARN_RANGE_LOOP_ANALYSIS = YES;
				CLANG_WARN_STRICT_PROTOTYPES = YES;
				CLANG_WARN_SUSPICIOUS_MOVE = YES;
				CLANG_WARN_UNGUARDED_AVAILABILITY = YES_AGGRESSIVE;
				CLANG_WARN_UNREACHABLE_CODE = YES;
				CLANG_WARN__DUPLICATE_METHOD_MATCH = YES;
				COPY_PHASE_STRIP = NO;
				DEBUG_INFORMATION_FORMAT = dwarf;
				ENABLE_STRICT_OBJC_MSGSEND = YES;
				ENABLE_TESTABILITY = YES;
				GCC_C_LANGUAGE_STANDARD = gnu11;
				GCC_DYNAMIC_NO_PIC = NO;
				GCC_NO_COMMON_BLOCKS = YES;
				GCC_OPTIMIZATION_LEVEL = 0;
				GCC_PREPROCESSOR_DEFINITIONS = (
					"DEBUG=1",
					"$(inherited)",
				);
				GCC_WARN_64_TO_32_BIT_CONVERSION = YES;
				GCC_WARN_ABOUT_RETURN_TYPE = YES_ERROR;
				GCC_WARN_UNDECLARED_SELECTOR = YES;
				GCC_WARN_UNINITIALIZED_AUTOS = YES_AGGRESSIVE;
				GCC_WARN_UNUSED_FUNCTION = YES;
				GCC_WARN_UNUSED_VARIABLE = YES;
				IPHONEOS_DEPLOYMENT_TARGET = 15.5;
				MTL_ENABLE_DEBUG_INFO = INCLUDE_SOURCE;
				MTL_FAST_MATH = YES;
				ONLY_ACTIVE_ARCH = YES;
				SDKROOT = iphoneos;
				SWIFT_ACTIVE_COMPILATION_CONDITIONS = DEBUG;
				SWIFT_OPTIMIZATION_LEVEL = "-Onone";
			};
			name = Debug;
		};
		3E319BE02850913F00563364 /* Release */ = {
			isa = XCBuildConfiguration;
			buildSettings = {
				ALWAYS_SEARCH_USER_PATHS = NO;
				CLANG_ANALYZER_NONNULL = YES;
				CLANG_ANALYZER_NUMBER_OBJECT_CONVERSION = YES_AGGRESSIVE;
				CLANG_CXX_LANGUAGE_STANDARD = "gnu++17";
				CLANG_ENABLE_MODULES = YES;
				CLANG_ENABLE_OBJC_ARC = YES;
				CLANG_ENABLE_OBJC_WEAK = YES;
				CLANG_WARN_BLOCK_CAPTURE_AUTORELEASING = YES;
				CLANG_WARN_BOOL_CONVERSION = YES;
				CLANG_WARN_COMMA = YES;
				CLANG_WARN_CONSTANT_CONVERSION = YES;
				CLANG_WARN_DEPRECATED_OBJC_IMPLEMENTATIONS = YES;
				CLANG_WARN_DIRECT_OBJC_ISA_USAGE = YES_ERROR;
				CLANG_WARN_DOCUMENTATION_COMMENTS = YES;
				CLANG_WARN_EMPTY_BODY = YES;
				CLANG_WARN_ENUM_CONVERSION = YES;
				CLANG_WARN_INFINITE_RECURSION = YES;
				CLANG_WARN_INT_CONVERSION = YES;
				CLANG_WARN_NON_LITERAL_NULL_CONVERSION = YES;
				CLANG_WARN_OBJC_IMPLICIT_RETAIN_SELF = YES;
				CLANG_WARN_OBJC_LITERAL_CONVERSION = YES;
				CLANG_WARN_OBJC_ROOT_CLASS = YES_ERROR;
				CLANG_WARN_QUOTED_INCLUDE_IN_FRAMEWORK_HEADER = YES;
				CLANG_WARN_RANGE_LOOP_ANALYSIS = YES;
				CLANG_WARN_STRICT_PROTOTYPES = YES;
				CLANG_WARN_SUSPICIOUS_MOVE = YES;
				CLANG_WARN_UNGUARDED_AVAILABILITY = YES_AGGRESSIVE;
				CLANG_WARN_UNREACHABLE_CODE = YES;
				CLANG_WARN__DUPLICATE_METHOD_MATCH = YES;
				COPY_PHASE_STRIP = NO;
				DEBUG_INFORMATION_FORMAT = "dwarf-with-dsym";
				ENABLE_NS_ASSERTIONS = NO;
				ENABLE_STRICT_OBJC_MSGSEND = YES;
				GCC_C_LANGUAGE_STANDARD = gnu11;
				GCC_NO_COMMON_BLOCKS = YES;
				GCC_WARN_64_TO_32_BIT_CONVERSION = YES;
				GCC_WARN_ABOUT_RETURN_TYPE = YES_ERROR;
				GCC_WARN_UNDECLARED_SELECTOR = YES;
				GCC_WARN_UNINITIALIZED_AUTOS = YES_AGGRESSIVE;
				GCC_WARN_UNUSED_FUNCTION = YES;
				GCC_WARN_UNUSED_VARIABLE = YES;
				IPHONEOS_DEPLOYMENT_TARGET = 15.5;
				MTL_ENABLE_DEBUG_INFO = NO;
				MTL_FAST_MATH = YES;
				SDKROOT = iphoneos;
				SWIFT_COMPILATION_MODE = wholemodule;
				SWIFT_OPTIMIZATION_LEVEL = "-O";
				VALIDATE_PRODUCT = YES;
			};
			name = Release;
		};
		3E319BE22850913F00563364 /* Debug */ = {
			isa = XCBuildConfiguration;
			buildSettings = {
				ASSETCATALOG_COMPILER_APPICON_NAME = AppIcon;
				ASSETCATALOG_COMPILER_GLOBAL_ACCENT_COLOR_NAME = AccentColor;
				CODE_SIGN_STYLE = Automatic;
				CURRENT_PROJECT_VERSION = 1;
				DEVELOPMENT_TEAM = YQHRAS38BD;
				GENERATE_INFOPLIST_FILE = YES;
				INFOPLIST_FILE = ParsingJSON/App/Info.plist;
				INFOPLIST_KEY_UIApplicationSupportsIndirectInputEvents = YES;
				INFOPLIST_KEY_UILaunchStoryboardName = LaunchScreen;
				INFOPLIST_KEY_UIMainStoryboardFile = Main;
				INFOPLIST_KEY_UISupportedInterfaceOrientations_iPad = "UIInterfaceOrientationPortrait UIInterfaceOrientationPortraitUpsideDown UIInterfaceOrientationLandscapeLeft UIInterfaceOrientationLandscapeRight";
				INFOPLIST_KEY_UISupportedInterfaceOrientations_iPhone = "UIInterfaceOrientationPortrait UIInterfaceOrientationLandscapeLeft UIInterfaceOrientationLandscapeRight";
				LD_RUNPATH_SEARCH_PATHS = (
					"$(inherited)",
					"@executable_path/Frameworks",
				);
				MARKETING_VERSION = 1.0;
				PRODUCT_BUNDLE_IDENTIFIER = "ru.av-studio.ParsingJSON";
				PRODUCT_NAME = "$(TARGET_NAME)";
				SWIFT_EMIT_LOC_STRINGS = YES;
				SWIFT_VERSION = 5.0;
				TARGETED_DEVICE_FAMILY = 1;
			};
			name = Debug;
		};
		3E319BE32850913F00563364 /* Release */ = {
			isa = XCBuildConfiguration;
			buildSettings = {
				ASSETCATALOG_COMPILER_APPICON_NAME = AppIcon;
				ASSETCATALOG_COMPILER_GLOBAL_ACCENT_COLOR_NAME = AccentColor;
				CODE_SIGN_STYLE = Automatic;
				CURRENT_PROJECT_VERSION = 1;
				DEVELOPMENT_TEAM = YQHRAS38BD;
				GENERATE_INFOPLIST_FILE = YES;
				INFOPLIST_FILE = ParsingJSON/App/Info.plist;
				INFOPLIST_KEY_UIApplicationSupportsIndirectInputEvents = YES;
				INFOPLIST_KEY_UILaunchStoryboardName = LaunchScreen;
				INFOPLIST_KEY_UIMainStoryboardFile = Main;
				INFOPLIST_KEY_UISupportedInterfaceOrientations_iPad = "UIInterfaceOrientationPortrait UIInterfaceOrientationPortraitUpsideDown UIInterfaceOrientationLandscapeLeft UIInterfaceOrientationLandscapeRight";
				INFOPLIST_KEY_UISupportedInterfaceOrientations_iPhone = "UIInterfaceOrientationPortrait UIInterfaceOrientationLandscapeLeft UIInterfaceOrientationLandscapeRight";
				LD_RUNPATH_SEARCH_PATHS = (
					"$(inherited)",
					"@executable_path/Frameworks",
				);
				MARKETING_VERSION = 1.0;
				PRODUCT_BUNDLE_IDENTIFIER = "ru.av-studio.ParsingJSON";
				PRODUCT_NAME = "$(TARGET_NAME)";
				SWIFT_EMIT_LOC_STRINGS = YES;
				SWIFT_VERSION = 5.0;
				TARGETED_DEVICE_FAMILY = 1;
			};
			name = Release;
		};
/* End XCBuildConfiguration section */

/* Begin XCConfigurationList section */
		3E319BC82850913B00563364 /* Build configuration list for PBXProject "ParsingJSON" */ = {
			isa = XCConfigurationList;
			buildConfigurations = (
				3E319BDF2850913F00563364 /* Debug */,
				3E319BE02850913F00563364 /* Release */,
			);
			defaultConfigurationIsVisible = 0;
			defaultConfigurationName = Release;
		};
		3E319BE12850913F00563364 /* Build configuration list for PBXNativeTarget "ParsingJSON" */ = {
			isa = XCConfigurationList;
			buildConfigurations = (
				3E319BE22850913F00563364 /* Debug */,
				3E319BE32850913F00563364 /* Release */,
			);
			defaultConfigurationIsVisible = 0;
			defaultConfigurationName = Release;
		};
/* End XCConfigurationList section */
	};
	rootObject = 3E319BC52850913B00563364 /* Project object */;
}
